
Microsoft Visual Studio Solution File, Format Version 12.00
# Visual Studio Version 17
VisualStudioVersion = 17.7.34024.191
MinimumVisualStudioVersion = 10.0.40219.1
Project("{8BC9CEB8-8B4A-11D0-8D11-00A0C91BC942}") = "LearningMASM", "LearningMASM\LearningMASM.vcxproj", "{286B9854-92F0-4AAE-B6CB-77B583C3C029}"
EndProject
Project("{8BC9CEB8-8B4A-11D0-8D11-00A0C91BC942}") = "MASMProjectTemplate", "MASMProjectTemplate\MASMProjectTemplate.vcxproj", "{2B8A85CC-A9D3-4E8C-9F42-BF38D9B54759}"
EndProject
Project("{8BC9CEB8-8B4A-11D0-8D11-00A0C91BC942}") = "GS01_03_Hello_World", "GS01_03_Hello_World\GS01_03_Hello_World.vcxproj", "{299EBD2C-745C-4B60-AB3C-D808F4C6BDFF}"
EndProject
Project("{8BC9CEB8-8B4A-11D0-8D11-00A0C91BC942}") = "GS01_05_Variables_Constants", "GS01_05_Variables_Constants\GS01_05_Variables_Constants.vcxproj", "{4D4E6723-B4AE-4428-8B45-98B8344345B1}"
EndProject
Project("{8BC9CEB8-8B4A-11D0-8D11-00A0C91BC942}") = "Playground", "Playground\Playground.vcxproj", "{54991CDD-DF6B-4649-B35D-DACA6AA61A6D}"
EndProject
Project("{8BC9CEB8-8B4A-11D0-8D11-00A0C91BC942}") = "Notes", "Notes\Notes.vcxproj", "{4B152D8D-5887-4619-B303-4A7B93BFF3C0}"
EndProject
Project("{8BC9CEB8-8B4A-11D0-8D11-00A0C91BC942}") = "Utilities", "Utilities\Utilities.vcxproj", "{A77F8395-D0B8-4C8C-A260-E3F5BAE3A3C9}"
EndProject
Project("{8BC9CEB8-8B4A-11D0-8D11-00A0C91BC942}") = "GS02_01_Output_1_to_10", "GS02_01_Output_1_to_10\GS02_01_Output_1_to_10.vcxproj", "{9AB9461D-7A8E-4CFA-9380-A800A7BDB3D2}"
EndProject
Project("{8BC9CEB8-8B4A-11D0-8D11-00A0C91BC942}") = "Multithreading", "Multithreading\Multithreading.vcxproj", "{B46BA159-6108-44E3-9F7A-29D662DB1398}"
EndProject
Project("{8BC9CEB8-8B4A-11D0-8D11-00A0C91BC942}") = "GS02_05_Bus_Charter", "GS02_05_Bus_Charter\GS02_05_Bus_Charter.vcxproj", "{3653AC9B-A71A-4579-A4D4-E74A76BFB0AA}"
EndProject
Project("{8BC9CEB8-8B4A-11D0-8D11-00A0C91BC942}") = "RAMFiller", "RAMFiller\RAMFiller.vcxproj", "{4B26340E-B6ED-4D26-BDE9-0ED2CC32D695}"
EndProject
Project("{8BC9CEB8-8B4A-11D0-8D11-00A0C91BC942}") = "InputTest", "InputTest\InputTest.vcxproj", "{37E9B321-EEE2-4F22-9CE5-686972467561}"
EndProject
Project("{8BC9CEB8-8B4A-11D0-8D11-00A0C91BC942}") = "GS03_02_Science_Quiz", "GS03_02_Science_Quiz\GS03_02_Science_Quiz.vcxproj", "{2EB6B911-B687-4FE6-9E64-311F0C4A17F9}"
EndProject
Project("{8BC9CEB8-8B4A-11D0-8D11-00A0C91BC942}") = "GS03_03_Computer_Quiz", "GS03_03_Computer_Quiz\GS03_03_Computer_Quiz.vcxproj", "{9F7B022D-8A15-434C-84D2-54EB47CDB93F}"
EndProject
Global
	GlobalSection(SolutionConfigurationPlatforms) = preSolution
		Debug|x64 = Debug|x64
		Debug|x86 = Debug|x86
		Release|x64 = Release|x64
		Release|x86 = Release|x86
	EndGlobalSection
	GlobalSection(ProjectConfigurationPlatforms) = postSolution
		{286B9854-92F0-4AAE-B6CB-77B583C3C029}.Debug|x64.ActiveCfg = Debug|x64
		{286B9854-92F0-4AAE-B6CB-77B583C3C029}.Debug|x64.Build.0 = Debug|x64
		{286B9854-92F0-4AAE-B6CB-77B583C3C029}.Debug|x86.ActiveCfg = Debug|Win32
		{286B9854-92F0-4AAE-B6CB-77B583C3C029}.Debug|x86.Build.0 = Debug|Win32
		{286B9854-92F0-4AAE-B6CB-77B583C3C029}.Release|x64.ActiveCfg = Release|x64
		{286B9854-92F0-4AAE-B6CB-77B583C3C029}.Release|x64.Build.0 = Release|x64
		{286B9854-92F0-4AAE-B6CB-77B583C3C029}.Release|x86.ActiveCfg = Release|Win32
		{286B9854-92F0-4AAE-B6CB-77B583C3C029}.Release|x86.Build.0 = Release|Win32
		{2B8A85CC-A9D3-4E8C-9F42-BF38D9B54759}.Debug|x64.ActiveCfg = Debug|x64
		{2B8A85CC-A9D3-4E8C-9F42-BF38D9B54759}.Debug|x64.Build.0 = Debug|x64
		{2B8A85CC-A9D3-4E8C-9F42-BF38D9B54759}.Debug|x86.ActiveCfg = Debug|Win32
		{2B8A85CC-A9D3-4E8C-9F42-BF38D9B54759}.Debug|x86.Build.0 = Debug|Win32
		{2B8A85CC-A9D3-4E8C-9F42-BF38D9B54759}.Release|x64.ActiveCfg = Release|x64
		{2B8A85CC-A9D3-4E8C-9F42-BF38D9B54759}.Release|x64.Build.0 = Release|x64
		{2B8A85CC-A9D3-4E8C-9F42-BF38D9B54759}.Release|x86.ActiveCfg = Release|Win32
		{2B8A85CC-A9D3-4E8C-9F42-BF38D9B54759}.Release|x86.Build.0 = Release|Win32
		{299EBD2C-745C-4B60-AB3C-D808F4C6BDFF}.Debug|x64.ActiveCfg = Debug|x64
		{299EBD2C-745C-4B60-AB3C-D808F4C6BDFF}.Debug|x64.Build.0 = Debug|x64
		{299EBD2C-745C-4B60-AB3C-D808F4C6BDFF}.Debug|x86.ActiveCfg = Debug|Win32
		{299EBD2C-745C-4B60-AB3C-D808F4C6BDFF}.Debug|x86.Build.0 = Debug|Win32
		{299EBD2C-745C-4B60-AB3C-D808F4C6BDFF}.Release|x64.ActiveCfg = Release|x64
		{299EBD2C-745C-4B60-AB3C-D808F4C6BDFF}.Release|x64.Build.0 = Release|x64
		{299EBD2C-745C-4B60-AB3C-D808F4C6BDFF}.Release|x86.ActiveCfg = Release|Win32
		{299EBD2C-745C-4B60-AB3C-D808F4C6BDFF}.Release|x86.Build.0 = Release|Win32
		{4D4E6723-B4AE-4428-8B45-98B8344345B1}.Debug|x64.ActiveCfg = Debug|x64
		{4D4E6723-B4AE-4428-8B45-98B8344345B1}.Debug|x64.Build.0 = Debug|x64
		{4D4E6723-B4AE-4428-8B45-98B8344345B1}.Debug|x86.ActiveCfg = Debug|Win32
		{4D4E6723-B4AE-4428-8B45-98B8344345B1}.Debug|x86.Build.0 = Debug|Win32
		{4D4E6723-B4AE-4428-8B45-98B8344345B1}.Release|x64.ActiveCfg = Release|x64
		{4D4E6723-B4AE-4428-8B45-98B8344345B1}.Release|x64.Build.0 = Release|x64
		{4D4E6723-B4AE-4428-8B45-98B8344345B1}.Release|x86.ActiveCfg = Release|Win32
		{4D4E6723-B4AE-4428-8B45-98B8344345B1}.Release|x86.Build.0 = Release|Win32
		{54991CDD-DF6B-4649-B35D-DACA6AA61A6D}.Debug|x64.ActiveCfg = Debug|x64
		{54991CDD-DF6B-4649-B35D-DACA6AA61A6D}.Debug|x64.Build.0 = Debug|x64
		{54991CDD-DF6B-4649-B35D-DACA6AA61A6D}.Debug|x86.ActiveCfg = Debug|Win32
		{54991CDD-DF6B-4649-B35D-DACA6AA61A6D}.Debug|x86.Build.0 = Debug|Win32
		{54991CDD-DF6B-4649-B35D-DACA6AA61A6D}.Release|x64.ActiveCfg = Release|x64
		{54991CDD-DF6B-4649-B35D-DACA6AA61A6D}.Release|x64.Build.0 = Release|x64
		{54991CDD-DF6B-4649-B35D-DACA6AA61A6D}.Release|x86.ActiveCfg = Release|Win32
		{54991CDD-DF6B-4649-B35D-DACA6AA61A6D}.Release|x86.Build.0 = Release|Win32
		{4B152D8D-5887-4619-B303-4A7B93BFF3C0}.Debug|x64.ActiveCfg = Debug|x64
		{4B152D8D-5887-4619-B303-4A7B93BFF3C0}.Debug|x64.Build.0 = Debug|x64
		{4B152D8D-5887-4619-B303-4A7B93BFF3C0}.Debug|x86.ActiveCfg = Debug|Win32
		{4B152D8D-5887-4619-B303-4A7B93BFF3C0}.Debug|x86.Build.0 = Debug|Win32
		{4B152D8D-5887-4619-B303-4A7B93BFF3C0}.Release|x64.ActiveCfg = Release|x64
		{4B152D8D-5887-4619-B303-4A7B93BFF3C0}.Release|x64.Build.0 = Release|x64
		{4B152D8D-5887-4619-B303-4A7B93BFF3C0}.Release|x86.ActiveCfg = Release|Win32
		{4B152D8D-5887-4619-B303-4A7B93BFF3C0}.Release|x86.Build.0 = Release|Win32
		{A77F8395-D0B8-4C8C-A260-E3F5BAE3A3C9}.Debug|x64.ActiveCfg = Release|x64
		{A77F8395-D0B8-4C8C-A260-E3F5BAE3A3C9}.Debug|x64.Build.0 = Release|x64
		{A77F8395-D0B8-4C8C-A260-E3F5BAE3A3C9}.Debug|x86.ActiveCfg = Debug|Win32
		{A77F8395-D0B8-4C8C-A260-E3F5BAE3A3C9}.Debug|x86.Build.0 = Debug|Win32
		{A77F8395-D0B8-4C8C-A260-E3F5BAE3A3C9}.Release|x64.ActiveCfg = Release|x64
		{A77F8395-D0B8-4C8C-A260-E3F5BAE3A3C9}.Release|x64.Build.0 = Release|x64
		{A77F8395-D0B8-4C8C-A260-E3F5BAE3A3C9}.Release|x86.ActiveCfg = Release|Win32
		{A77F8395-D0B8-4C8C-A260-E3F5BAE3A3C9}.Release|x86.Build.0 = Release|Win32
		{9AB9461D-7A8E-4CFA-9380-A800A7BDB3D2}.Debug|x64.ActiveCfg = Debug|x64
		{9AB9461D-7A8E-4CFA-9380-A800A7BDB3D2}.Debug|x64.Build.0 = Debug|x64
		{9AB9461D-7A8E-4CFA-9380-A800A7BDB3D2}.Debug|x86.ActiveCfg = Debug|Win32
		{9AB9461D-7A8E-4CFA-9380-A800A7BDB3D2}.Debug|x86.Build.0 = Debug|Win32
		{9AB9461D-7A8E-4CFA-9380-A800A7BDB3D2}.Release|x64.ActiveCfg = Release|x64
		{9AB9461D-7A8E-4CFA-9380-A800A7BDB3D2}.Release|x64.Build.0 = Release|x64
		{9AB9461D-7A8E-4CFA-9380-A800A7BDB3D2}.Release|x86.ActiveCfg = Release|Win32
		{9AB9461D-7A8E-4CFA-9380-A800A7BDB3D2}.Release|x86.Build.0 = Release|Win32
		{B46BA159-6108-44E3-9F7A-29D662DB1398}.Debug|x64.ActiveCfg = Debug|x64
		{B46BA159-6108-44E3-9F7A-29D662DB1398}.Debug|x64.Build.0 = Debug|x64
		{B46BA159-6108-44E3-9F7A-29D662DB1398}.Debug|x86.ActiveCfg = Debug|Win32
		{B46BA159-6108-44E3-9F7A-29D662DB1398}.Debug|x86.Build.0 = Debug|Win32
		{B46BA159-6108-44E3-9F7A-29D662DB1398}.Release|x64.ActiveCfg = Release|x64
		{B46BA159-6108-44E3-9F7A-29D662DB1398}.Release|x64.Build.0 = Release|x64
		{B46BA159-6108-44E3-9F7A-29D662DB1398}.Release|x86.ActiveCfg = Release|Win32
		{B46BA159-6108-44E3-9F7A-29D662DB1398}.Release|x86.Build.0 = Release|Win32
		{3653AC9B-A71A-4579-A4D4-E74A76BFB0AA}.Debug|x64.ActiveCfg = Debug|x64
		{3653AC9B-A71A-4579-A4D4-E74A76BFB0AA}.Debug|x64.Build.0 = Debug|x64
		{3653AC9B-A71A-4579-A4D4-E74A76BFB0AA}.Debug|x86.ActiveCfg = Debug|Win32
		{3653AC9B-A71A-4579-A4D4-E74A76BFB0AA}.Debug|x86.Build.0 = Debug|Win32
		{3653AC9B-A71A-4579-A4D4-E74A76BFB0AA}.Release|x64.ActiveCfg = Release|x64
		{3653AC9B-A71A-4579-A4D4-E74A76BFB0AA}.Release|x64.Build.0 = Release|x64
		{3653AC9B-A71A-4579-A4D4-E74A76BFB0AA}.Release|x86.ActiveCfg = Release|Win32
		{3653AC9B-A71A-4579-A4D4-E74A76BFB0AA}.Release|x86.Build.0 = Release|Win32
		{4B26340E-B6ED-4D26-BDE9-0ED2CC32D695}.Debug|x64.ActiveCfg = Debug|x64
		{4B26340E-B6ED-4D26-BDE9-0ED2CC32D695}.Debug|x64.Build.0 = Debug|x64
		{4B26340E-B6ED-4D26-BDE9-0ED2CC32D695}.Debug|x86.ActiveCfg = Debug|Win32
		{4B26340E-B6ED-4D26-BDE9-0ED2CC32D695}.Debug|x86.Build.0 = Debug|Win32
		{4B26340E-B6ED-4D26-BDE9-0ED2CC32D695}.Release|x64.ActiveCfg = Release|x64
		{4B26340E-B6ED-4D26-BDE9-0ED2CC32D695}.Release|x64.Build.0 = Release|x64
		{4B26340E-B6ED-4D26-BDE9-0ED2CC32D695}.Release|x86.ActiveCfg = Release|Win32
		{4B26340E-B6ED-4D26-BDE9-0ED2CC32D695}.Release|x86.Build.0 = Release|Win32
		{37E9B321-EEE2-4F22-9CE5-686972467561}.Debug|x64.ActiveCfg = Debug|x64
		{37E9B321-EEE2-4F22-9CE5-686972467561}.Debug|x64.Build.0 = Debug|x64
		{37E9B321-EEE2-4F22-9CE5-686972467561}.Debug|x86.ActiveCfg = Debug|Win32
		{37E9B321-EEE2-4F22-9CE5-686972467561}.Debug|x86.Build.0 = Debug|Win32
		{37E9B321-EEE2-4F22-9CE5-686972467561}.Release|x64.ActiveCfg = Release|x64
		{37E9B321-EEE2-4F22-9CE5-686972467561}.Release|x64.Build.0 = Release|x64
		{37E9B321-EEE2-4F22-9CE5-686972467561}.Release|x86.ActiveCfg = Release|Win32
		{37E9B321-EEE2-4F22-9CE5-686972467561}.Release|x86.Build.0 = Release|Win32
		{2EB6B911-B687-4FE6-9E64-311F0C4A17F9}.Debug|x64.ActiveCfg = Debug|x64
		{2EB6B911-B687-4FE6-9E64-311F0C4A17F9}.Debug|x64.Build.0 = Debug|x64
		{2EB6B911-B687-4FE6-9E64-311F0C4A17F9}.Debug|x86.ActiveCfg = Debug|Win32
		{2EB6B911-B687-4FE6-9E64-311F0C4A17F9}.Debug|x86.Build.0 = Debug|Win32
		{2EB6B911-B687-4FE6-9E64-311F0C4A17F9}.Release|x64.ActiveCfg = Release|x64
		{2EB6B911-B687-4FE6-9E64-311F0C4A17F9}.Release|x64.Build.0 = Release|x64
		{2EB6B911-B687-4FE6-9E64-311F0C4A17F9}.Release|x86.ActiveCfg = Release|Win32
		{2EB6B911-B687-4FE6-9E64-311F0C4A17F9}.Release|x86.Build.0 = Release|Win32
		{9F7B022D-8A15-434C-84D2-54EB47CDB93F}.Debug|x64.ActiveCfg = Debug|x64
		{9F7B022D-8A15-434C-84D2-54EB47CDB93F}.Debug|x64.Build.0 = Debug|x64
		{9F7B022D-8A15-434C-84D2-54EB47CDB93F}.Debug|x86.ActiveCfg = Debug|Win32
		{9F7B022D-8A15-434C-84D2-54EB47CDB93F}.Debug|x86.Build.0 = Debug|Win32
		{9F7B022D-8A15-434C-84D2-54EB47CDB93F}.Release|x64.ActiveCfg = Release|x64
		{9F7B022D-8A15-434C-84D2-54EB47CDB93F}.Release|x64.Build.0 = Release|x64
		{9F7B022D-8A15-434C-84D2-54EB47CDB93F}.Release|x86.ActiveCfg = Release|Win32
		{9F7B022D-8A15-434C-84D2-54EB47CDB93F}.Release|x86.Build.0 = Release|Win32
	EndGlobalSection
	GlobalSection(SolutionProperties) = preSolution
		HideSolutionNode = FALSE
	EndGlobalSection
	GlobalSection(ExtensibilityGlobals) = postSolution
		SolutionGuid = {83FF2189-48A0-43B9-B280-8D10BAF35F20}
	EndGlobalSection
EndGlobal
