
Microsoft Visual Studio Solution File, Format Version 12.00
# Visual Studio Version 17
VisualStudioVersion = 17.7.34024.191
MinimumVisualStudioVersion = 10.0.40219.1
Project("{8BC9CEB8-8B4A-11D0-8D11-00A0C91BC942}") = "LearningMASM", "LearningMASM\LearningMASM.vcxproj", "{286B9854-92F0-4AAE-B6CB-77B583C3C029}"
EndProject
Project("{8BC9CEB8-8B4A-11D0-8D11-00A0C91BC942}") = "MASMProjectTemplate", "MASMProjectTemplate\MASMProjectTemplate.vcxproj", "{2B8A85CC-A9D3-4E8C-9F42-BF38D9B54759}"
EndProject
Project("{8BC9CEB8-8B4A-11D0-8D11-00A0C91BC942}") = "GS01_03_Hello_World", "GS01_03_Hello_World\GS01_03_Hello_World.vcxproj", "{299EBD2C-745C-4B60-AB3C-D808F4C6BDFF}"
EndProject
Project("{8BC9CEB8-8B4A-11D0-8D11-00A0C91BC942}") = "GS01_05_Variables_Constants", "GS01_05_Variables_Constants\GS01_05_Variables_Constants.vcxproj", "{4D4E6723-B4AE-4428-8B45-98B8344345B1}"
EndProject
Project("{8BC9CEB8-8B4A-11D0-8D11-00A0C91BC942}") = "Playground", "Playground\Playground.vcxproj", "{54991CDD-DF6B-4649-B35D-DACA6AA61A6D}"
EndProject
Project("{8BC9CEB8-8B4A-11D0-8D11-00A0C91BC942}") = "Notes", "Notes\Notes.vcxproj", "{4B152D8D-5887-4619-B303-4A7B93BFF3C0}"
EndProject
Project("{8BC9CEB8-8B4A-11D0-8D11-00A0C91BC942}") = "Utilities", "Utilities\Utilities.vcxproj", "{A77F8395-D0B8-4C8C-A260-E3F5BAE3A3C9}"
EndProject
Project("{8BC9CEB8-8B4A-11D0-8D11-00A0C91BC942}") = "GS02_01_Output_1_to_10", "GS02_01_Output_1_to_10\GS02_01_Output_1_to_10.vcxproj", "{9AB9461D-7A8E-4CFA-9380-A800A7BDB3D2}"
EndProject
Project("{8BC9CEB8-8B4A-11D0-8D11-00A0C91BC942}") = "Multithreading", "Multithreading\Multithreading.vcxproj", "{B46BA159-6108-44E3-9F7A-29D662DB1398}"
EndProject
Project("{8BC9CEB8-8B4A-11D0-8D11-00A0C91BC942}") = "GS02_05_Bus_Charter", "GS02_05_Bus_Charter\GS02_05_Bus_Charter.vcxproj", "{3653AC9B-A71A-4579-A4D4-E74A76BFB0AA}"
EndProject
Project("{8BC9CEB8-8B4A-11D0-8D11-00A0C91BC942}") = "RAMFiller", "RAMFiller\RAMFiller.vcxproj", "{4B26340E-B6ED-4D26-BDE9-0ED2CC32D695}"
EndProject
Project("{8BC9CEB8-8B4A-11D0-8D11-00A0C91BC942}") = "InputTest", "InputTest\InputTest.vcxproj", "{37E9B321-EEE2-4F22-9CE5-686972467561}"
EndProject
Project("{8BC9CEB8-8B4A-11D0-8D11-00A0C91BC942}") = "GS03_02_Science_Quiz", "GS03_02_Science_Quiz\GS03_02_Science_Quiz.vcxproj", "{2EB6B911-B687-4FE6-9E64-311F0C4A17F9}"
EndProject
Project("{8BC9CEB8-8B4A-11D0-8D11-00A0C91BC942}") = "GS03_03_Computer_Quiz", "GS03_03_Computer_Quiz\GS03_03_Computer_Quiz.vcxproj", "{9F7B022D-8A15-434C-84D2-54EB47CDB93F}"
EndProject
Project("{8BC9CEB8-8B4A-11D0-8D11-00A0C91BC942}") = "GS03_04_Choose_Your_Adventure", "GS03_04_Choose_Your_Adventure\GS03_04_Choose_Your_Adventure.vcxproj", "{17B3DD68-AE07-4EFB-984C-CE24A7D3FA8B}"
EndProject
Project("{8BC9CEB8-8B4A-11D0-8D11-00A0C91BC942}") = "Textbook_03_XCHG", "Textbook_03_XCHG\Textbook_03_XCHG.vcxproj", "{40177355-B6B6-4A24-AFDB-F32D9490AF51}"
EndProject
Project("{8BC9CEB8-8B4A-11D0-8D11-00A0C91BC942}") = "Textbook_04_ADDSUB", "Textbook_04_ADDSUB\Textbook_04_ADDSUB.vcxproj", "{9DAFE8F4-7EA6-4625-9203-F930F648C5B5}"
EndProject
Project("{8BC9CEB8-8B4A-11D0-8D11-00A0C91BC942}") = "Textbook_05_INCNEG", "Textbook_05_INCNEG\Textbook_05_INCNEG.vcxproj", "{ADE0296E-1930-4283-A13A-0FE0B04F503F}"
EndProject
Project("{8BC9CEB8-8B4A-11D0-8D11-00A0C91BC942}") = "Textbook_06_MULDIV", "Textbook_06_MULDIV\Textbook_06_MULDIV.vcxproj", "{F66C6733-64B5-4393-ACCD-D59103AF0711}"
EndProject
Project("{8BC9CEB8-8B4A-11D0-8D11-00A0C91BC942}") = "Textbook_07_IMUL", "Textbook_07_IMUL\Textbook_07_IMUL.vcxproj", "{8328C7EA-2A1F-4676-8B16-75E387F1ACD0}"
EndProject
Project("{8BC9CEB8-8B4A-11D0-8D11-00A0C91BC942}") = "Textbook_08_IDIV", "Textbook_08_IDIV\Textbook_08_IDIV.vcxproj", "{93E31D58-33CC-4D44-83E4-667FE4168A46}"
EndProject
Project("{8BC9CEB8-8B4A-11D0-8D11-00A0C91BC942}") = "Textbook_09_LOGIC", "Textbook_09_LOGIC\Textbook_09_LOGIC.vcxproj", "{19789416-A81F-4633-8947-41BC979B7FBD}"
EndProject
Project("{8BC9CEB8-8B4A-11D0-8D11-00A0C91BC942}") = "Textbook_10_SHIFT", "Textbook_10_SHIFT\Textbook_10_SHIFT.vcxproj", "{416C2F37-E27A-414C-B39C-A3DD798269DD}"
EndProject
Project("{8BC9CEB8-8B4A-11D0-8D11-00A0C91BC942}") = "Textbook_11_ROTATE", "Textbook_11_ROTATE\Textbook_11_ROTATE.vcxproj", "{74638500-85A3-44B2-826E-E7B416411315}"
EndProject
Project("{8BC9CEB8-8B4A-11D0-8D11-00A0C91BC942}") = "Textbook_01_MOV", "Textbook_01_MOV\Textbook_01_MOV.vcxproj", "{EEC25982-6C9D-48BF-80BB-BF8F8AA66A3B}"
EndProject
Project("{8BC9CEB8-8B4A-11D0-8D11-00A0C91BC942}") = "Textbook_02_EQU", "Textbook_02_EQU\Textbook_02_EQU.vcxproj", "{1DF32BB3-10E3-46C6-A59B-5A7B85FA6F30}"
EndProject
Project("{8BC9CEB8-8B4A-11D0-8D11-00A0C91BC942}") = "Textbook_12_FLAGS", "Textbook_12_FLAGS\Textbook_12_FLAGS.vcxproj", "{FA207E2E-DA70-42DA-BD23-D007EF4EB56F}"
EndProject
Project("{8BC9CEB8-8B4A-11D0-8D11-00A0C91BC942}") = "Textbook_13_JMP", "Textbook_13_JMP\Textbook_13_JMP.vcxproj", "{0528643A-4795-41B0-A707-766C1436CFF6}"
EndProject
Project("{8BC9CEB8-8B4A-11D0-8D11-00A0C91BC942}") = "Textbook_14_TEST", "Textbook_14_TEST\Textbook_14_TEST.vcxproj", "{5BD91606-E838-4113-B4F8-D0E86A5593B5}"
EndProject
Project("{8BC9CEB8-8B4A-11D0-8D11-00A0C91BC942}") = "Textbook_15_JCOND", "Textbook_15_JCOND\Textbook_15_JCOND.vcxproj", "{F53A0653-3ACC-4885-B97F-C305EE967050}"
EndProject
Project("{8BC9CEB8-8B4A-11D0-8D11-00A0C91BC942}") = "Textbook_16_CMP", "Textbook_16_CMP\Textbook_16_CMP.vcxproj", "{6F15963F-44BB-48F0-ACDE-285D9C30C374}"
EndProject
Project("{8BC9CEB8-8B4A-11D0-8D11-00A0C91BC942}") = "Textbook_17_JSIGN", "Textbook_17_JSIGN\Textbook_17_JSIGN.vcxproj", "{0C88FF1A-9066-42DB-A832-767B8F0D4154}"
EndProject
Project("{8BC9CEB8-8B4A-11D0-8D11-00A0C91BC942}") = "Textbook_18_LOOP", "Textbook_18_LOOP\Textbook_18_LOOP.vcxproj", "{12C2B47C-D908-4FAE-A000-DB2F65157408}"
EndProject
Project("{8BC9CEB8-8B4A-11D0-8D11-00A0C91BC942}") = "Textbook_19_ADDRESS", "Textbook_19_ADDRESS\Textbook_19_ADDRESS.vcxproj", "{3F80B33A-60A1-4A09-806C-09DA8CB64E19}"
EndProject
Project("{8BC9CEB8-8B4A-11D0-8D11-00A0C91BC942}") = "Textbook_20_ARR", "Textbook_20_ARR\Textbook_20_ARR.vcxproj", "{BC03328A-915B-4310-85ED-8D8C35490E42}"
EndProject
Global
	GlobalSection(SolutionConfigurationPlatforms) = preSolution
		Debug|x64 = Debug|x64
		Debug|x86 = Debug|x86
		Release|x64 = Release|x64
		Release|x86 = Release|x86
	EndGlobalSection
	GlobalSection(ProjectConfigurationPlatforms) = postSolution
		{286B9854-92F0-4AAE-B6CB-77B583C3C029}.Debug|x64.ActiveCfg = Debug|x64
		{286B9854-92F0-4AAE-B6CB-77B583C3C029}.Debug|x64.Build.0 = Debug|x64
		{286B9854-92F0-4AAE-B6CB-77B583C3C029}.Debug|x86.ActiveCfg = Debug|Win32
		{286B9854-92F0-4AAE-B6CB-77B583C3C029}.Debug|x86.Build.0 = Debug|Win32
		{286B9854-92F0-4AAE-B6CB-77B583C3C029}.Release|x64.ActiveCfg = Release|x64
		{286B9854-92F0-4AAE-B6CB-77B583C3C029}.Release|x64.Build.0 = Release|x64
		{286B9854-92F0-4AAE-B6CB-77B583C3C029}.Release|x86.ActiveCfg = Release|Win32
		{286B9854-92F0-4AAE-B6CB-77B583C3C029}.Release|x86.Build.0 = Release|Win32
		{2B8A85CC-A9D3-4E8C-9F42-BF38D9B54759}.Debug|x64.ActiveCfg = Debug|x64
		{2B8A85CC-A9D3-4E8C-9F42-BF38D9B54759}.Debug|x64.Build.0 = Debug|x64
		{2B8A85CC-A9D3-4E8C-9F42-BF38D9B54759}.Debug|x86.ActiveCfg = Debug|Win32
		{2B8A85CC-A9D3-4E8C-9F42-BF38D9B54759}.Debug|x86.Build.0 = Debug|Win32
		{2B8A85CC-A9D3-4E8C-9F42-BF38D9B54759}.Release|x64.ActiveCfg = Release|x64
		{2B8A85CC-A9D3-4E8C-9F42-BF38D9B54759}.Release|x64.Build.0 = Release|x64
		{2B8A85CC-A9D3-4E8C-9F42-BF38D9B54759}.Release|x86.ActiveCfg = Release|Win32
		{2B8A85CC-A9D3-4E8C-9F42-BF38D9B54759}.Release|x86.Build.0 = Release|Win32
		{299EBD2C-745C-4B60-AB3C-D808F4C6BDFF}.Debug|x64.ActiveCfg = Debug|x64
		{299EBD2C-745C-4B60-AB3C-D808F4C6BDFF}.Debug|x64.Build.0 = Debug|x64
		{299EBD2C-745C-4B60-AB3C-D808F4C6BDFF}.Debug|x86.ActiveCfg = Debug|Win32
		{299EBD2C-745C-4B60-AB3C-D808F4C6BDFF}.Debug|x86.Build.0 = Debug|Win32
		{299EBD2C-745C-4B60-AB3C-D808F4C6BDFF}.Release|x64.ActiveCfg = Release|x64
		{299EBD2C-745C-4B60-AB3C-D808F4C6BDFF}.Release|x64.Build.0 = Release|x64
		{299EBD2C-745C-4B60-AB3C-D808F4C6BDFF}.Release|x86.ActiveCfg = Release|Win32
		{299EBD2C-745C-4B60-AB3C-D808F4C6BDFF}.Release|x86.Build.0 = Release|Win32
		{4D4E6723-B4AE-4428-8B45-98B8344345B1}.Debug|x64.ActiveCfg = Debug|x64
		{4D4E6723-B4AE-4428-8B45-98B8344345B1}.Debug|x64.Build.0 = Debug|x64
		{4D4E6723-B4AE-4428-8B45-98B8344345B1}.Debug|x86.ActiveCfg = Debug|Win32
		{4D4E6723-B4AE-4428-8B45-98B8344345B1}.Debug|x86.Build.0 = Debug|Win32
		{4D4E6723-B4AE-4428-8B45-98B8344345B1}.Release|x64.ActiveCfg = Release|x64
		{4D4E6723-B4AE-4428-8B45-98B8344345B1}.Release|x64.Build.0 = Release|x64
		{4D4E6723-B4AE-4428-8B45-98B8344345B1}.Release|x86.ActiveCfg = Release|Win32
		{4D4E6723-B4AE-4428-8B45-98B8344345B1}.Release|x86.Build.0 = Release|Win32
		{54991CDD-DF6B-4649-B35D-DACA6AA61A6D}.Debug|x64.ActiveCfg = Debug|x64
		{54991CDD-DF6B-4649-B35D-DACA6AA61A6D}.Debug|x64.Build.0 = Debug|x64
		{54991CDD-DF6B-4649-B35D-DACA6AA61A6D}.Debug|x86.ActiveCfg = Debug|Win32
		{54991CDD-DF6B-4649-B35D-DACA6AA61A6D}.Debug|x86.Build.0 = Debug|Win32
		{54991CDD-DF6B-4649-B35D-DACA6AA61A6D}.Release|x64.ActiveCfg = Release|x64
		{54991CDD-DF6B-4649-B35D-DACA6AA61A6D}.Release|x64.Build.0 = Release|x64
		{54991CDD-DF6B-4649-B35D-DACA6AA61A6D}.Release|x86.ActiveCfg = Release|Win32
		{54991CDD-DF6B-4649-B35D-DACA6AA61A6D}.Release|x86.Build.0 = Release|Win32
		{4B152D8D-5887-4619-B303-4A7B93BFF3C0}.Debug|x64.ActiveCfg = Debug|x64
		{4B152D8D-5887-4619-B303-4A7B93BFF3C0}.Debug|x64.Build.0 = Debug|x64
		{4B152D8D-5887-4619-B303-4A7B93BFF3C0}.Debug|x86.ActiveCfg = Debug|Win32
		{4B152D8D-5887-4619-B303-4A7B93BFF3C0}.Debug|x86.Build.0 = Debug|Win32
		{4B152D8D-5887-4619-B303-4A7B93BFF3C0}.Release|x64.ActiveCfg = Release|x64
		{4B152D8D-5887-4619-B303-4A7B93BFF3C0}.Release|x64.Build.0 = Release|x64
		{4B152D8D-5887-4619-B303-4A7B93BFF3C0}.Release|x86.ActiveCfg = Release|Win32
		{4B152D8D-5887-4619-B303-4A7B93BFF3C0}.Release|x86.Build.0 = Release|Win32
		{A77F8395-D0B8-4C8C-A260-E3F5BAE3A3C9}.Debug|x64.ActiveCfg = Release|x64
		{A77F8395-D0B8-4C8C-A260-E3F5BAE3A3C9}.Debug|x64.Build.0 = Release|x64
		{A77F8395-D0B8-4C8C-A260-E3F5BAE3A3C9}.Debug|x86.ActiveCfg = Debug|Win32
		{A77F8395-D0B8-4C8C-A260-E3F5BAE3A3C9}.Debug|x86.Build.0 = Debug|Win32
		{A77F8395-D0B8-4C8C-A260-E3F5BAE3A3C9}.Release|x64.ActiveCfg = Release|x64
		{A77F8395-D0B8-4C8C-A260-E3F5BAE3A3C9}.Release|x64.Build.0 = Release|x64
		{A77F8395-D0B8-4C8C-A260-E3F5BAE3A3C9}.Release|x86.ActiveCfg = Release|Win32
		{A77F8395-D0B8-4C8C-A260-E3F5BAE3A3C9}.Release|x86.Build.0 = Release|Win32
		{9AB9461D-7A8E-4CFA-9380-A800A7BDB3D2}.Debug|x64.ActiveCfg = Debug|x64
		{9AB9461D-7A8E-4CFA-9380-A800A7BDB3D2}.Debug|x64.Build.0 = Debug|x64
		{9AB9461D-7A8E-4CFA-9380-A800A7BDB3D2}.Debug|x86.ActiveCfg = Debug|Win32
		{9AB9461D-7A8E-4CFA-9380-A800A7BDB3D2}.Debug|x86.Build.0 = Debug|Win32
		{9AB9461D-7A8E-4CFA-9380-A800A7BDB3D2}.Release|x64.ActiveCfg = Release|x64
		{9AB9461D-7A8E-4CFA-9380-A800A7BDB3D2}.Release|x64.Build.0 = Release|x64
		{9AB9461D-7A8E-4CFA-9380-A800A7BDB3D2}.Release|x86.ActiveCfg = Release|Win32
		{9AB9461D-7A8E-4CFA-9380-A800A7BDB3D2}.Release|x86.Build.0 = Release|Win32
		{B46BA159-6108-44E3-9F7A-29D662DB1398}.Debug|x64.ActiveCfg = Debug|x64
		{B46BA159-6108-44E3-9F7A-29D662DB1398}.Debug|x64.Build.0 = Debug|x64
		{B46BA159-6108-44E3-9F7A-29D662DB1398}.Debug|x86.ActiveCfg = Debug|Win32
		{B46BA159-6108-44E3-9F7A-29D662DB1398}.Debug|x86.Build.0 = Debug|Win32
		{B46BA159-6108-44E3-9F7A-29D662DB1398}.Release|x64.ActiveCfg = Release|x64
		{B46BA159-6108-44E3-9F7A-29D662DB1398}.Release|x64.Build.0 = Release|x64
		{B46BA159-6108-44E3-9F7A-29D662DB1398}.Release|x86.ActiveCfg = Release|Win32
		{B46BA159-6108-44E3-9F7A-29D662DB1398}.Release|x86.Build.0 = Release|Win32
		{3653AC9B-A71A-4579-A4D4-E74A76BFB0AA}.Debug|x64.ActiveCfg = Debug|x64
		{3653AC9B-A71A-4579-A4D4-E74A76BFB0AA}.Debug|x64.Build.0 = Debug|x64
		{3653AC9B-A71A-4579-A4D4-E74A76BFB0AA}.Debug|x86.ActiveCfg = Debug|Win32
		{3653AC9B-A71A-4579-A4D4-E74A76BFB0AA}.Debug|x86.Build.0 = Debug|Win32
		{3653AC9B-A71A-4579-A4D4-E74A76BFB0AA}.Release|x64.ActiveCfg = Release|x64
		{3653AC9B-A71A-4579-A4D4-E74A76BFB0AA}.Release|x64.Build.0 = Release|x64
		{3653AC9B-A71A-4579-A4D4-E74A76BFB0AA}.Release|x86.ActiveCfg = Release|Win32
		{3653AC9B-A71A-4579-A4D4-E74A76BFB0AA}.Release|x86.Build.0 = Release|Win32
		{4B26340E-B6ED-4D26-BDE9-0ED2CC32D695}.Debug|x64.ActiveCfg = Debug|x64
		{4B26340E-B6ED-4D26-BDE9-0ED2CC32D695}.Debug|x64.Build.0 = Debug|x64
		{4B26340E-B6ED-4D26-BDE9-0ED2CC32D695}.Debug|x86.ActiveCfg = Debug|Win32
		{4B26340E-B6ED-4D26-BDE9-0ED2CC32D695}.Debug|x86.Build.0 = Debug|Win32
		{4B26340E-B6ED-4D26-BDE9-0ED2CC32D695}.Release|x64.ActiveCfg = Release|x64
		{4B26340E-B6ED-4D26-BDE9-0ED2CC32D695}.Release|x64.Build.0 = Release|x64
		{4B26340E-B6ED-4D26-BDE9-0ED2CC32D695}.Release|x86.ActiveCfg = Release|Win32
		{4B26340E-B6ED-4D26-BDE9-0ED2CC32D695}.Release|x86.Build.0 = Release|Win32
		{37E9B321-EEE2-4F22-9CE5-686972467561}.Debug|x64.ActiveCfg = Debug|x64
		{37E9B321-EEE2-4F22-9CE5-686972467561}.Debug|x64.Build.0 = Debug|x64
		{37E9B321-EEE2-4F22-9CE5-686972467561}.Debug|x86.ActiveCfg = Debug|Win32
		{37E9B321-EEE2-4F22-9CE5-686972467561}.Debug|x86.Build.0 = Debug|Win32
		{37E9B321-EEE2-4F22-9CE5-686972467561}.Release|x64.ActiveCfg = Release|x64
		{37E9B321-EEE2-4F22-9CE5-686972467561}.Release|x64.Build.0 = Release|x64
		{37E9B321-EEE2-4F22-9CE5-686972467561}.Release|x86.ActiveCfg = Release|Win32
		{37E9B321-EEE2-4F22-9CE5-686972467561}.Release|x86.Build.0 = Release|Win32
		{2EB6B911-B687-4FE6-9E64-311F0C4A17F9}.Debug|x64.ActiveCfg = Debug|x64
		{2EB6B911-B687-4FE6-9E64-311F0C4A17F9}.Debug|x64.Build.0 = Debug|x64
		{2EB6B911-B687-4FE6-9E64-311F0C4A17F9}.Debug|x86.ActiveCfg = Debug|Win32
		{2EB6B911-B687-4FE6-9E64-311F0C4A17F9}.Debug|x86.Build.0 = Debug|Win32
		{2EB6B911-B687-4FE6-9E64-311F0C4A17F9}.Release|x64.ActiveCfg = Release|x64
		{2EB6B911-B687-4FE6-9E64-311F0C4A17F9}.Release|x64.Build.0 = Release|x64
		{2EB6B911-B687-4FE6-9E64-311F0C4A17F9}.Release|x86.ActiveCfg = Release|Win32
		{2EB6B911-B687-4FE6-9E64-311F0C4A17F9}.Release|x86.Build.0 = Release|Win32
		{9F7B022D-8A15-434C-84D2-54EB47CDB93F}.Debug|x64.ActiveCfg = Debug|x64
		{9F7B022D-8A15-434C-84D2-54EB47CDB93F}.Debug|x64.Build.0 = Debug|x64
		{9F7B022D-8A15-434C-84D2-54EB47CDB93F}.Debug|x86.ActiveCfg = Debug|Win32
		{9F7B022D-8A15-434C-84D2-54EB47CDB93F}.Debug|x86.Build.0 = Debug|Win32
		{9F7B022D-8A15-434C-84D2-54EB47CDB93F}.Release|x64.ActiveCfg = Release|x64
		{9F7B022D-8A15-434C-84D2-54EB47CDB93F}.Release|x64.Build.0 = Release|x64
		{9F7B022D-8A15-434C-84D2-54EB47CDB93F}.Release|x86.ActiveCfg = Release|Win32
		{9F7B022D-8A15-434C-84D2-54EB47CDB93F}.Release|x86.Build.0 = Release|Win32
		{17B3DD68-AE07-4EFB-984C-CE24A7D3FA8B}.Debug|x64.ActiveCfg = Debug|x64
		{17B3DD68-AE07-4EFB-984C-CE24A7D3FA8B}.Debug|x64.Build.0 = Debug|x64
		{17B3DD68-AE07-4EFB-984C-CE24A7D3FA8B}.Debug|x86.ActiveCfg = Debug|Win32
		{17B3DD68-AE07-4EFB-984C-CE24A7D3FA8B}.Debug|x86.Build.0 = Debug|Win32
		{17B3DD68-AE07-4EFB-984C-CE24A7D3FA8B}.Release|x64.ActiveCfg = Release|x64
		{17B3DD68-AE07-4EFB-984C-CE24A7D3FA8B}.Release|x64.Build.0 = Release|x64
		{17B3DD68-AE07-4EFB-984C-CE24A7D3FA8B}.Release|x86.ActiveCfg = Release|Win32
		{17B3DD68-AE07-4EFB-984C-CE24A7D3FA8B}.Release|x86.Build.0 = Release|Win32
		{40177355-B6B6-4A24-AFDB-F32D9490AF51}.Debug|x64.ActiveCfg = Debug|x64
		{40177355-B6B6-4A24-AFDB-F32D9490AF51}.Debug|x64.Build.0 = Debug|x64
		{40177355-B6B6-4A24-AFDB-F32D9490AF51}.Debug|x86.ActiveCfg = Debug|Win32
		{40177355-B6B6-4A24-AFDB-F32D9490AF51}.Debug|x86.Build.0 = Debug|Win32
		{40177355-B6B6-4A24-AFDB-F32D9490AF51}.Release|x64.ActiveCfg = Release|x64
		{40177355-B6B6-4A24-AFDB-F32D9490AF51}.Release|x64.Build.0 = Release|x64
		{40177355-B6B6-4A24-AFDB-F32D9490AF51}.Release|x86.ActiveCfg = Release|Win32
		{40177355-B6B6-4A24-AFDB-F32D9490AF51}.Release|x86.Build.0 = Release|Win32
		{9DAFE8F4-7EA6-4625-9203-F930F648C5B5}.Debug|x64.ActiveCfg = Debug|x64
		{9DAFE8F4-7EA6-4625-9203-F930F648C5B5}.Debug|x64.Build.0 = Debug|x64
		{9DAFE8F4-7EA6-4625-9203-F930F648C5B5}.Debug|x86.ActiveCfg = Debug|Win32
		{9DAFE8F4-7EA6-4625-9203-F930F648C5B5}.Debug|x86.Build.0 = Debug|Win32
		{9DAFE8F4-7EA6-4625-9203-F930F648C5B5}.Release|x64.ActiveCfg = Release|x64
		{9DAFE8F4-7EA6-4625-9203-F930F648C5B5}.Release|x64.Build.0 = Release|x64
		{9DAFE8F4-7EA6-4625-9203-F930F648C5B5}.Release|x86.ActiveCfg = Release|Win32
		{9DAFE8F4-7EA6-4625-9203-F930F648C5B5}.Release|x86.Build.0 = Release|Win32
		{ADE0296E-1930-4283-A13A-0FE0B04F503F}.Debug|x64.ActiveCfg = Debug|x64
		{ADE0296E-1930-4283-A13A-0FE0B04F503F}.Debug|x64.Build.0 = Debug|x64
		{ADE0296E-1930-4283-A13A-0FE0B04F503F}.Debug|x86.ActiveCfg = Debug|Win32
		{ADE0296E-1930-4283-A13A-0FE0B04F503F}.Debug|x86.Build.0 = Debug|Win32
		{ADE0296E-1930-4283-A13A-0FE0B04F503F}.Release|x64.ActiveCfg = Release|x64
		{ADE0296E-1930-4283-A13A-0FE0B04F503F}.Release|x64.Build.0 = Release|x64
		{ADE0296E-1930-4283-A13A-0FE0B04F503F}.Release|x86.ActiveCfg = Release|Win32
		{ADE0296E-1930-4283-A13A-0FE0B04F503F}.Release|x86.Build.0 = Release|Win32
		{F66C6733-64B5-4393-ACCD-D59103AF0711}.Debug|x64.ActiveCfg = Debug|x64
		{F66C6733-64B5-4393-ACCD-D59103AF0711}.Debug|x64.Build.0 = Debug|x64
		{F66C6733-64B5-4393-ACCD-D59103AF0711}.Debug|x86.ActiveCfg = Debug|Win32
		{F66C6733-64B5-4393-ACCD-D59103AF0711}.Debug|x86.Build.0 = Debug|Win32
		{F66C6733-64B5-4393-ACCD-D59103AF0711}.Release|x64.ActiveCfg = Release|x64
		{F66C6733-64B5-4393-ACCD-D59103AF0711}.Release|x64.Build.0 = Release|x64
		{F66C6733-64B5-4393-ACCD-D59103AF0711}.Release|x86.ActiveCfg = Release|Win32
		{F66C6733-64B5-4393-ACCD-D59103AF0711}.Release|x86.Build.0 = Release|Win32
		{8328C7EA-2A1F-4676-8B16-75E387F1ACD0}.Debug|x64.ActiveCfg = Debug|x64
		{8328C7EA-2A1F-4676-8B16-75E387F1ACD0}.Debug|x64.Build.0 = Debug|x64
		{8328C7EA-2A1F-4676-8B16-75E387F1ACD0}.Debug|x86.ActiveCfg = Debug|Win32
		{8328C7EA-2A1F-4676-8B16-75E387F1ACD0}.Debug|x86.Build.0 = Debug|Win32
		{8328C7EA-2A1F-4676-8B16-75E387F1ACD0}.Release|x64.ActiveCfg = Release|x64
		{8328C7EA-2A1F-4676-8B16-75E387F1ACD0}.Release|x64.Build.0 = Release|x64
		{8328C7EA-2A1F-4676-8B16-75E387F1ACD0}.Release|x86.ActiveCfg = Release|Win32
		{8328C7EA-2A1F-4676-8B16-75E387F1ACD0}.Release|x86.Build.0 = Release|Win32
		{93E31D58-33CC-4D44-83E4-667FE4168A46}.Debug|x64.ActiveCfg = Debug|x64
		{93E31D58-33CC-4D44-83E4-667FE4168A46}.Debug|x64.Build.0 = Debug|x64
		{93E31D58-33CC-4D44-83E4-667FE4168A46}.Debug|x86.ActiveCfg = Debug|Win32
		{93E31D58-33CC-4D44-83E4-667FE4168A46}.Debug|x86.Build.0 = Debug|Win32
		{93E31D58-33CC-4D44-83E4-667FE4168A46}.Release|x64.ActiveCfg = Release|x64
		{93E31D58-33CC-4D44-83E4-667FE4168A46}.Release|x64.Build.0 = Release|x64
		{93E31D58-33CC-4D44-83E4-667FE4168A46}.Release|x86.ActiveCfg = Release|Win32
		{93E31D58-33CC-4D44-83E4-667FE4168A46}.Release|x86.Build.0 = Release|Win32
		{19789416-A81F-4633-8947-41BC979B7FBD}.Debug|x64.ActiveCfg = Debug|x64
		{19789416-A81F-4633-8947-41BC979B7FBD}.Debug|x64.Build.0 = Debug|x64
		{19789416-A81F-4633-8947-41BC979B7FBD}.Debug|x86.ActiveCfg = Debug|Win32
		{19789416-A81F-4633-8947-41BC979B7FBD}.Debug|x86.Build.0 = Debug|Win32
		{19789416-A81F-4633-8947-41BC979B7FBD}.Release|x64.ActiveCfg = Release|x64
		{19789416-A81F-4633-8947-41BC979B7FBD}.Release|x64.Build.0 = Release|x64
		{19789416-A81F-4633-8947-41BC979B7FBD}.Release|x86.ActiveCfg = Release|Win32
		{19789416-A81F-4633-8947-41BC979B7FBD}.Release|x86.Build.0 = Release|Win32
		{416C2F37-E27A-414C-B39C-A3DD798269DD}.Debug|x64.ActiveCfg = Debug|x64
		{416C2F37-E27A-414C-B39C-A3DD798269DD}.Debug|x64.Build.0 = Debug|x64
		{416C2F37-E27A-414C-B39C-A3DD798269DD}.Debug|x86.ActiveCfg = Debug|Win32
		{416C2F37-E27A-414C-B39C-A3DD798269DD}.Debug|x86.Build.0 = Debug|Win32
		{416C2F37-E27A-414C-B39C-A3DD798269DD}.Release|x64.ActiveCfg = Release|x64
		{416C2F37-E27A-414C-B39C-A3DD798269DD}.Release|x64.Build.0 = Release|x64
		{416C2F37-E27A-414C-B39C-A3DD798269DD}.Release|x86.ActiveCfg = Release|Win32
		{416C2F37-E27A-414C-B39C-A3DD798269DD}.Release|x86.Build.0 = Release|Win32
		{74638500-85A3-44B2-826E-E7B416411315}.Debug|x64.ActiveCfg = Debug|x64
		{74638500-85A3-44B2-826E-E7B416411315}.Debug|x64.Build.0 = Debug|x64
		{74638500-85A3-44B2-826E-E7B416411315}.Debug|x86.ActiveCfg = Debug|Win32
		{74638500-85A3-44B2-826E-E7B416411315}.Debug|x86.Build.0 = Debug|Win32
		{74638500-85A3-44B2-826E-E7B416411315}.Release|x64.ActiveCfg = Release|x64
		{74638500-85A3-44B2-826E-E7B416411315}.Release|x64.Build.0 = Release|x64
		{74638500-85A3-44B2-826E-E7B416411315}.Release|x86.ActiveCfg = Release|Win32
		{74638500-85A3-44B2-826E-E7B416411315}.Release|x86.Build.0 = Release|Win32
		{EEC25982-6C9D-48BF-80BB-BF8F8AA66A3B}.Debug|x64.ActiveCfg = Debug|x64
		{EEC25982-6C9D-48BF-80BB-BF8F8AA66A3B}.Debug|x64.Build.0 = Debug|x64
		{EEC25982-6C9D-48BF-80BB-BF8F8AA66A3B}.Debug|x86.ActiveCfg = Debug|Win32
		{EEC25982-6C9D-48BF-80BB-BF8F8AA66A3B}.Debug|x86.Build.0 = Debug|Win32
		{EEC25982-6C9D-48BF-80BB-BF8F8AA66A3B}.Release|x64.ActiveCfg = Release|x64
		{EEC25982-6C9D-48BF-80BB-BF8F8AA66A3B}.Release|x64.Build.0 = Release|x64
		{EEC25982-6C9D-48BF-80BB-BF8F8AA66A3B}.Release|x86.ActiveCfg = Release|Win32
		{EEC25982-6C9D-48BF-80BB-BF8F8AA66A3B}.Release|x86.Build.0 = Release|Win32
		{1DF32BB3-10E3-46C6-A59B-5A7B85FA6F30}.Debug|x64.ActiveCfg = Debug|x64
		{1DF32BB3-10E3-46C6-A59B-5A7B85FA6F30}.Debug|x64.Build.0 = Debug|x64
		{1DF32BB3-10E3-46C6-A59B-5A7B85FA6F30}.Debug|x86.ActiveCfg = Debug|Win32
		{1DF32BB3-10E3-46C6-A59B-5A7B85FA6F30}.Debug|x86.Build.0 = Debug|Win32
		{1DF32BB3-10E3-46C6-A59B-5A7B85FA6F30}.Release|x64.ActiveCfg = Release|x64
		{1DF32BB3-10E3-46C6-A59B-5A7B85FA6F30}.Release|x64.Build.0 = Release|x64
		{1DF32BB3-10E3-46C6-A59B-5A7B85FA6F30}.Release|x86.ActiveCfg = Release|Win32
		{1DF32BB3-10E3-46C6-A59B-5A7B85FA6F30}.Release|x86.Build.0 = Release|Win32
		{FA207E2E-DA70-42DA-BD23-D007EF4EB56F}.Debug|x64.ActiveCfg = Debug|x64
		{FA207E2E-DA70-42DA-BD23-D007EF4EB56F}.Debug|x64.Build.0 = Debug|x64
		{FA207E2E-DA70-42DA-BD23-D007EF4EB56F}.Debug|x86.ActiveCfg = Debug|Win32
		{FA207E2E-DA70-42DA-BD23-D007EF4EB56F}.Debug|x86.Build.0 = Debug|Win32
		{FA207E2E-DA70-42DA-BD23-D007EF4EB56F}.Release|x64.ActiveCfg = Release|x64
		{FA207E2E-DA70-42DA-BD23-D007EF4EB56F}.Release|x64.Build.0 = Release|x64
		{FA207E2E-DA70-42DA-BD23-D007EF4EB56F}.Release|x86.ActiveCfg = Release|Win32
		{FA207E2E-DA70-42DA-BD23-D007EF4EB56F}.Release|x86.Build.0 = Release|Win32
		{0528643A-4795-41B0-A707-766C1436CFF6}.Debug|x64.ActiveCfg = Debug|x64
		{0528643A-4795-41B0-A707-766C1436CFF6}.Debug|x64.Build.0 = Debug|x64
		{0528643A-4795-41B0-A707-766C1436CFF6}.Debug|x86.ActiveCfg = Debug|Win32
		{0528643A-4795-41B0-A707-766C1436CFF6}.Debug|x86.Build.0 = Debug|Win32
		{0528643A-4795-41B0-A707-766C1436CFF6}.Release|x64.ActiveCfg = Release|x64
		{0528643A-4795-41B0-A707-766C1436CFF6}.Release|x64.Build.0 = Release|x64
		{0528643A-4795-41B0-A707-766C1436CFF6}.Release|x86.ActiveCfg = Release|Win32
		{0528643A-4795-41B0-A707-766C1436CFF6}.Release|x86.Build.0 = Release|Win32
		{5BD91606-E838-4113-B4F8-D0E86A5593B5}.Debug|x64.ActiveCfg = Debug|x64
		{5BD91606-E838-4113-B4F8-D0E86A5593B5}.Debug|x64.Build.0 = Debug|x64
		{5BD91606-E838-4113-B4F8-D0E86A5593B5}.Debug|x86.ActiveCfg = Debug|Win32
		{5BD91606-E838-4113-B4F8-D0E86A5593B5}.Debug|x86.Build.0 = Debug|Win32
		{5BD91606-E838-4113-B4F8-D0E86A5593B5}.Release|x64.ActiveCfg = Release|x64
		{5BD91606-E838-4113-B4F8-D0E86A5593B5}.Release|x64.Build.0 = Release|x64
		{5BD91606-E838-4113-B4F8-D0E86A5593B5}.Release|x86.ActiveCfg = Release|Win32
		{5BD91606-E838-4113-B4F8-D0E86A5593B5}.Release|x86.Build.0 = Release|Win32
		{F53A0653-3ACC-4885-B97F-C305EE967050}.Debug|x64.ActiveCfg = Debug|x64
		{F53A0653-3ACC-4885-B97F-C305EE967050}.Debug|x64.Build.0 = Debug|x64
		{F53A0653-3ACC-4885-B97F-C305EE967050}.Debug|x86.ActiveCfg = Debug|Win32
		{F53A0653-3ACC-4885-B97F-C305EE967050}.Debug|x86.Build.0 = Debug|Win32
		{F53A0653-3ACC-4885-B97F-C305EE967050}.Release|x64.ActiveCfg = Release|x64
		{F53A0653-3ACC-4885-B97F-C305EE967050}.Release|x64.Build.0 = Release|x64
		{F53A0653-3ACC-4885-B97F-C305EE967050}.Release|x86.ActiveCfg = Release|Win32
		{F53A0653-3ACC-4885-B97F-C305EE967050}.Release|x86.Build.0 = Release|Win32
		{6F15963F-44BB-48F0-ACDE-285D9C30C374}.Debug|x64.ActiveCfg = Debug|x64
		{6F15963F-44BB-48F0-ACDE-285D9C30C374}.Debug|x64.Build.0 = Debug|x64
		{6F15963F-44BB-48F0-ACDE-285D9C30C374}.Debug|x86.ActiveCfg = Debug|Win32
		{6F15963F-44BB-48F0-ACDE-285D9C30C374}.Debug|x86.Build.0 = Debug|Win32
		{6F15963F-44BB-48F0-ACDE-285D9C30C374}.Release|x64.ActiveCfg = Release|x64
		{6F15963F-44BB-48F0-ACDE-285D9C30C374}.Release|x64.Build.0 = Release|x64
		{6F15963F-44BB-48F0-ACDE-285D9C30C374}.Release|x86.ActiveCfg = Release|Win32
		{6F15963F-44BB-48F0-ACDE-285D9C30C374}.Release|x86.Build.0 = Release|Win32
		{0C88FF1A-9066-42DB-A832-767B8F0D4154}.Debug|x64.ActiveCfg = Debug|x64
		{0C88FF1A-9066-42DB-A832-767B8F0D4154}.Debug|x64.Build.0 = Debug|x64
		{0C88FF1A-9066-42DB-A832-767B8F0D4154}.Debug|x86.ActiveCfg = Debug|Win32
		{0C88FF1A-9066-42DB-A832-767B8F0D4154}.Debug|x86.Build.0 = Debug|Win32
		{0C88FF1A-9066-42DB-A832-767B8F0D4154}.Release|x64.ActiveCfg = Release|x64
		{0C88FF1A-9066-42DB-A832-767B8F0D4154}.Release|x64.Build.0 = Release|x64
		{0C88FF1A-9066-42DB-A832-767B8F0D4154}.Release|x86.ActiveCfg = Release|Win32
		{0C88FF1A-9066-42DB-A832-767B8F0D4154}.Release|x86.Build.0 = Release|Win32
		{12C2B47C-D908-4FAE-A000-DB2F65157408}.Debug|x64.ActiveCfg = Debug|x64
		{12C2B47C-D908-4FAE-A000-DB2F65157408}.Debug|x64.Build.0 = Debug|x64
		{12C2B47C-D908-4FAE-A000-DB2F65157408}.Debug|x86.ActiveCfg = Debug|Win32
		{12C2B47C-D908-4FAE-A000-DB2F65157408}.Debug|x86.Build.0 = Debug|Win32
		{12C2B47C-D908-4FAE-A000-DB2F65157408}.Release|x64.ActiveCfg = Release|x64
		{12C2B47C-D908-4FAE-A000-DB2F65157408}.Release|x64.Build.0 = Release|x64
		{12C2B47C-D908-4FAE-A000-DB2F65157408}.Release|x86.ActiveCfg = Release|Win32
		{12C2B47C-D908-4FAE-A000-DB2F65157408}.Release|x86.Build.0 = Release|Win32
		{3F80B33A-60A1-4A09-806C-09DA8CB64E19}.Debug|x64.ActiveCfg = Debug|x64
		{3F80B33A-60A1-4A09-806C-09DA8CB64E19}.Debug|x64.Build.0 = Debug|x64
		{3F80B33A-60A1-4A09-806C-09DA8CB64E19}.Debug|x86.ActiveCfg = Debug|Win32
		{3F80B33A-60A1-4A09-806C-09DA8CB64E19}.Debug|x86.Build.0 = Debug|Win32
		{3F80B33A-60A1-4A09-806C-09DA8CB64E19}.Release|x64.ActiveCfg = Release|x64
		{3F80B33A-60A1-4A09-806C-09DA8CB64E19}.Release|x64.Build.0 = Release|x64
		{3F80B33A-60A1-4A09-806C-09DA8CB64E19}.Release|x86.ActiveCfg = Release|Win32
		{3F80B33A-60A1-4A09-806C-09DA8CB64E19}.Release|x86.Build.0 = Release|Win32
		{BC03328A-915B-4310-85ED-8D8C35490E42}.Debug|x64.ActiveCfg = Debug|x64
		{BC03328A-915B-4310-85ED-8D8C35490E42}.Debug|x64.Build.0 = Debug|x64
		{BC03328A-915B-4310-85ED-8D8C35490E42}.Debug|x86.ActiveCfg = Debug|Win32
		{BC03328A-915B-4310-85ED-8D8C35490E42}.Debug|x86.Build.0 = Debug|Win32
		{BC03328A-915B-4310-85ED-8D8C35490E42}.Release|x64.ActiveCfg = Release|x64
		{BC03328A-915B-4310-85ED-8D8C35490E42}.Release|x64.Build.0 = Release|x64
		{BC03328A-915B-4310-85ED-8D8C35490E42}.Release|x86.ActiveCfg = Release|Win32
		{BC03328A-915B-4310-85ED-8D8C35490E42}.Release|x86.Build.0 = Release|Win32
	EndGlobalSection
	GlobalSection(SolutionProperties) = preSolution
		HideSolutionNode = FALSE
	EndGlobalSection
	GlobalSection(ExtensibilityGlobals) = postSolution
		SolutionGuid = {83FF2189-48A0-43B9-B280-8D10BAF35F20}
	EndGlobalSection
EndGlobal
