<?xml version="1.0" encoding="utf-8"?>
<Project ToolsVersion="4.0" xmlns="http://schemas.microsoft.com/developer/msbuild/2003">
  <ItemGroup>
    <Filter Include="Source Files">
      <UniqueIdentifier>{384f6f85-50d4-4355-8ee1-ffa32a1d370f}</UniqueIdentifier>
    </Filter>
  </ItemGroup>
  <ItemGroup>
    <MASM Include="Test.asm">
      <Filter>Source Files</Filter>
    </MASM>
    <MASM Include="GS01_03_Hello_World.asm">
      <Filter>Source Files</Filter>
    </MASM>
    <MASM Include="GS01_05_Variables_Constants.asm">
      <Filter>Source Files</Filter>
    </MASM>
    <MASM Include="Template.asm">
      <Filter>Source Files</Filter>
    </MASM>
    <MASM Include="WriteLine.asm">
      <Filter>Source Files</Filter>
    </MASM>
  </ItemGroup>
</Project>